
Microsoft Visual Studio Solution File, Format Version 12.00
# Visual Studio Version 16
VisualStudioVersion = 16.0.30907.101
MinimumVisualStudioVersion = 10.0.40219.1
Project("{9A19103F-16F7-4668-BE54-9A1E7A4F7556}") = "DataAccess", "DataAccess\DataAccess.csproj", "{B098C705-7E3C-4590-B838-7A2A2814BABF}"
EndProject
Project("{9A19103F-16F7-4668-BE54-9A1E7A4F7556}") = "Business", "Business\Business.csproj", "{251B3984-AB3A-4040-98EA-0B37F007E027}"
EndProject
Project("{9A19103F-16F7-4668-BE54-9A1E7A4F7556}") = "Entities", "Entities\Entities.csproj", "{5221BA08-CBBC-4901-A40A-7BA9DA7F3551}"
EndProject
Project("{9A19103F-16F7-4668-BE54-9A1E7A4F7556}") = "ConsoleUI", "ConsoleUI\ConsoleUI.csproj", "{0A3E4665-791B-4CD8-98C8-F4D2FDDD3792}"
EndProject
Project("{9A19103F-16F7-4668-BE54-9A1E7A4F7556}") = "Core", "Core\Core.csproj", "{B1298EF3-10FE-4CBA-A944-4C26E6614506}"
EndProject
Project("{FAE04EC0-301F-11D3-BF4B-00C04F79EFBC}") = "WebAPI", "WebAPI\WebAPI.csproj", "{A2DAA00C-74DC-4D74-AE3A-CDC629BB61E7}"
EndProject
Global
	GlobalSection(SolutionConfigurationPlatforms) = preSolution
		Debug|Any CPU = Debug|Any CPU
		Release|Any CPU = Release|Any CPU
	EndGlobalSection
	GlobalSection(ProjectConfigurationPlatforms) = postSolution
		{B098C705-7E3C-4590-B838-7A2A2814BABF}.Debug|Any CPU.ActiveCfg = Debug|Any CPU
		{B098C705-7E3C-4590-B838-7A2A2814BABF}.Debug|Any CPU.Build.0 = Debug|Any CPU
		{B098C705-7E3C-4590-B838-7A2A2814BABF}.Release|Any CPU.ActiveCfg = Release|Any CPU
		{B098C705-7E3C-4590-B838-7A2A2814BABF}.Release|Any CPU.Build.0 = Release|Any CPU
		{251B3984-AB3A-4040-98EA-0B37F007E027}.Debug|Any CPU.ActiveCfg = Debug|Any CPU
		{251B3984-AB3A-4040-98EA-0B37F007E027}.Debug|Any CPU.Build.0 = Debug|Any CPU
		{251B3984-AB3A-4040-98EA-0B37F007E027}.Release|Any CPU.ActiveCfg = Release|Any CPU
		{251B3984-AB3A-4040-98EA-0B37F007E027}.Release|Any CPU.Build.0 = Release|Any CPU
		{5221BA08-CBBC-4901-A40A-7BA9DA7F3551}.Debug|Any CPU.ActiveCfg = Debug|Any CPU
		{5221BA08-CBBC-4901-A40A-7BA9DA7F3551}.Debug|Any CPU.Build.0 = Debug|Any CPU
		{5221BA08-CBBC-4901-A40A-7BA9DA7F3551}.Release|Any CPU.ActiveCfg = Release|Any CPU
		{5221BA08-CBBC-4901-A40A-7BA9DA7F3551}.Release|Any CPU.Build.0 = Release|Any CPU
		{0A3E4665-791B-4CD8-98C8-F4D2FDDD3792}.Debug|Any CPU.ActiveCfg = Debug|Any CPU
		{0A3E4665-791B-4CD8-98C8-F4D2FDDD3792}.Debug|Any CPU.Build.0 = Debug|Any CPU
		{0A3E4665-791B-4CD8-98C8-F4D2FDDD3792}.Release|Any CPU.ActiveCfg = Release|Any CPU
		{0A3E4665-791B-4CD8-98C8-F4D2FDDD3792}.Release|Any CPU.Build.0 = Release|Any CPU
		{B1298EF3-10FE-4CBA-A944-4C26E6614506}.Debug|Any CPU.ActiveCfg = Debug|Any CPU
		{B1298EF3-10FE-4CBA-A944-4C26E6614506}.Debug|Any CPU.Build.0 = Debug|Any CPU
		{B1298EF3-10FE-4CBA-A944-4C26E6614506}.Release|Any CPU.ActiveCfg = Release|Any CPU
		{B1298EF3-10FE-4CBA-A944-4C26E6614506}.Release|Any CPU.Build.0 = Release|Any CPU
		{A2DAA00C-74DC-4D74-AE3A-CDC629BB61E7}.Debug|Any CPU.ActiveCfg = Debug|Any CPU
		{A2DAA00C-74DC-4D74-AE3A-CDC629BB61E7}.Debug|Any CPU.Build.0 = Debug|Any CPU
		{A2DAA00C-74DC-4D74-AE3A-CDC629BB61E7}.Release|Any CPU.ActiveCfg = Release|Any CPU
		{A2DAA00C-74DC-4D74-AE3A-CDC629BB61E7}.Release|Any CPU.Build.0 = Release|Any CPU
	EndGlobalSection
	GlobalSection(SolutionProperties) = preSolution
		HideSolutionNode = FALSE
	EndGlobalSection
	GlobalSection(ExtensibilityGlobals) = postSolution
		SolutionGuid = {28E116DB-49B3-433E-AE94-FB1D866A2309}
	EndGlobalSection
EndGlobal
